
Microsoft Visual Studio Solution File, Format Version 12.00
# Visual Studio 15
Project("{FAE04EC0-301F-11D3-BF4B-00C04F79EFBC}") = "Assembly-CSharp", "Assembly-CSharp.csproj", "{68E16F3D-D5D0-9AA0-EAAB-B364B1628086}"
EndProject
Project("{FAE04EC0-301F-11D3-BF4B-00C04F79EFBC}") = "Assembly-CSharp-firstpass", "Assembly-CSharp-firstpass.csproj", "{53CBD322-69F6-0FC4-40FC-55A60F82706B}"
EndProject
Global
	GlobalSection(SolutionConfigurationPlatforms) = preSolution
		Debug|Any CPU = Debug|Any CPU
		Release|Any CPU = Release|Any CPU
	EndGlobalSection
	GlobalSection(ProjectConfigurationPlatforms) = postSolution
		{68E16F3D-D5D0-9AA0-EAAB-B364B1628086}.Debug|Any CPU.ActiveCfg = Debug|Any CPU
		{68E16F3D-D5D0-9AA0-EAAB-B364B1628086}.Debug|Any CPU.Build.0 = Debug|Any CPU
		{68E16F3D-D5D0-9AA0-EAAB-B364B1628086}.Release|Any CPU.ActiveCfg = Release|Any CPU
		{68E16F3D-D5D0-9AA0-EAAB-B364B1628086}.Release|Any CPU.Build.0 = Release|Any CPU
		{53CBD322-69F6-0FC4-40FC-55A60F82706B}.Debug|Any CPU.ActiveCfg = Debug|Any CPU
		{53CBD322-69F6-0FC4-40FC-55A60F82706B}.Debug|Any CPU.Build.0 = Debug|Any CPU
		{53CBD322-69F6-0FC4-40FC-55A60F82706B}.Release|Any CPU.ActiveCfg = Release|Any CPU
		{53CBD322-69F6-0FC4-40FC-55A60F82706B}.Release|Any CPU.Build.0 = Release|Any CPU
	EndGlobalSection
	GlobalSection(SolutionProperties) = preSolution
		HideSolutionNode = FALSE
	EndGlobalSection
EndGlobal
